
Microsoft Visual Studio Solution File, Format Version 12.00
# Visual Studio Version 17
VisualStudioVersion = 17.5.002.0
MinimumVisualStudioVersion = 10.0.40219.1
Project("{9A19103F-16F7-4668-BE54-9A1E7A4F7556}") = "PlatziWeb", "PlatziWeb.csproj", "{A595E8C9-08E6-4466-AB4E-BC3499A6D63D}"
EndProject
Global
	GlobalSection(SolutionConfigurationPlatforms) = preSolution
		Debug|Any CPU = Debug|Any CPU
		Release|Any CPU = Release|Any CPU
	EndGlobalSection
	GlobalSection(ProjectConfigurationPlatforms) = postSolution
		{A595E8C9-08E6-4466-AB4E-BC3499A6D63D}.Debug|Any CPU.ActiveCfg = Debug|Any CPU
		{A595E8C9-08E6-4466-AB4E-BC3499A6D63D}.Debug|Any CPU.Build.0 = Debug|Any CPU
		{A595E8C9-08E6-4466-AB4E-BC3499A6D63D}.Release|Any CPU.ActiveCfg = Release|Any CPU
		{A595E8C9-08E6-4466-AB4E-BC3499A6D63D}.Release|Any CPU.Build.0 = Release|Any CPU
	EndGlobalSection
	GlobalSection(SolutionProperties) = preSolution
		HideSolutionNode = FALSE
	EndGlobalSection
	GlobalSection(ExtensibilityGlobals) = postSolution
		SolutionGuid = {44F2504A-15AF-466F-A637-213CB531E013}
	EndGlobalSection
EndGlobal
